
Microsoft Visual Studio Solution File, Format Version 12.00
# Visual Studio Version 17
VisualStudioVersion = 17.0.31903.59
MinimumVisualStudioVersion = 10.0.40219.1
Project("{2150E333-8FDC-42A3-9474-1A3956D46DE8}") = "src", "src", "{F5F805C4-88A8-4B9A-A3C0-E76507806BFC}"
EndProject
Project("{FAE04EC0-301F-11D3-BF4B-00C04F79EFBC}") = "AzDevice.IoTHubWorker", "src\AzDevice.IoTHubWorker\AzDevice.IoTHubWorker.csproj", "{3D4B1F21-CACD-4768-94ED-158809F1CE8F}"
EndProject
Project("{2150E333-8FDC-42A3-9474-1A3956D46DE8}") = "examples", "examples", "{674F3832-DC82-4DBC-BCB1-74705ECD2578}"
EndProject
Project("{FAE04EC0-301F-11D3-BF4B-00C04F79EFBC}") = "TemperatureController", "examples\TemperatureController\TemperatureController.csproj", "{33BD6FEB-5659-457B-A91B-532A13D7A17D}"
EndProject
Project("{FAE04EC0-301F-11D3-BF4B-00C04F79EFBC}") = "ClimateMonitor", "examples\ClimateMonitor\ClimateMonitor.csproj", "{9EEDAB57-2A5A-42C1-A9E2-1B0D5EF47DA6}"
EndProject
Project("{FAE04EC0-301F-11D3-BF4B-00C04F79EFBC}") = "TempHumidityRpi", "examples\TempHumidityRpi\I2cTempHumidityMonitor.csproj", "{7E31D9C1-BB7C-406B-9D07-76D2A4CB8B20}"
EndProject
Project("{FAE04EC0-301F-11D3-BF4B-00C04F79EFBC}") = "ModBusSensor", "examples\ModbusTempHumidityMonitor\ModbusTempHumidityMonitor.csproj", "{30D35677-06A6-48F0-98FB-236F08ABD4F9}"
EndProject
Global
	GlobalSection(SolutionConfigurationPlatforms) = preSolution
		Debug|Any CPU = Debug|Any CPU
		Release|Any CPU = Release|Any CPU
	EndGlobalSection
	GlobalSection(SolutionProperties) = preSolution
		HideSolutionNode = FALSE
	EndGlobalSection
	GlobalSection(ProjectConfigurationPlatforms) = postSolution
		{3D4B1F21-CACD-4768-94ED-158809F1CE8F}.Debug|Any CPU.ActiveCfg = Debug|Any CPU
		{3D4B1F21-CACD-4768-94ED-158809F1CE8F}.Debug|Any CPU.Build.0 = Debug|Any CPU
		{3D4B1F21-CACD-4768-94ED-158809F1CE8F}.Release|Any CPU.ActiveCfg = Release|Any CPU
		{3D4B1F21-CACD-4768-94ED-158809F1CE8F}.Release|Any CPU.Build.0 = Release|Any CPU
		{33BD6FEB-5659-457B-A91B-532A13D7A17D}.Debug|Any CPU.ActiveCfg = Debug|Any CPU
		{33BD6FEB-5659-457B-A91B-532A13D7A17D}.Debug|Any CPU.Build.0 = Debug|Any CPU
		{33BD6FEB-5659-457B-A91B-532A13D7A17D}.Release|Any CPU.ActiveCfg = Release|Any CPU
		{33BD6FEB-5659-457B-A91B-532A13D7A17D}.Release|Any CPU.Build.0 = Release|Any CPU
		{9EEDAB57-2A5A-42C1-A9E2-1B0D5EF47DA6}.Debug|Any CPU.ActiveCfg = Debug|Any CPU
		{9EEDAB57-2A5A-42C1-A9E2-1B0D5EF47DA6}.Debug|Any CPU.Build.0 = Debug|Any CPU
		{9EEDAB57-2A5A-42C1-A9E2-1B0D5EF47DA6}.Release|Any CPU.ActiveCfg = Release|Any CPU
		{9EEDAB57-2A5A-42C1-A9E2-1B0D5EF47DA6}.Release|Any CPU.Build.0 = Release|Any CPU
		{7E31D9C1-BB7C-406B-9D07-76D2A4CB8B20}.Debug|Any CPU.ActiveCfg = Debug|Any CPU
		{7E31D9C1-BB7C-406B-9D07-76D2A4CB8B20}.Debug|Any CPU.Build.0 = Debug|Any CPU
		{7E31D9C1-BB7C-406B-9D07-76D2A4CB8B20}.Release|Any CPU.ActiveCfg = Release|Any CPU
		{7E31D9C1-BB7C-406B-9D07-76D2A4CB8B20}.Release|Any CPU.Build.0 = Release|Any CPU
		{30D35677-06A6-48F0-98FB-236F08ABD4F9}.Debug|Any CPU.ActiveCfg = Debug|Any CPU
		{30D35677-06A6-48F0-98FB-236F08ABD4F9}.Debug|Any CPU.Build.0 = Debug|Any CPU
		{30D35677-06A6-48F0-98FB-236F08ABD4F9}.Release|Any CPU.ActiveCfg = Release|Any CPU
		{30D35677-06A6-48F0-98FB-236F08ABD4F9}.Release|Any CPU.Build.0 = Release|Any CPU
	EndGlobalSection
	GlobalSection(NestedProjects) = preSolution
		{3D4B1F21-CACD-4768-94ED-158809F1CE8F} = {F5F805C4-88A8-4B9A-A3C0-E76507806BFC}
		{33BD6FEB-5659-457B-A91B-532A13D7A17D} = {674F3832-DC82-4DBC-BCB1-74705ECD2578}
		{9EEDAB57-2A5A-42C1-A9E2-1B0D5EF47DA6} = {674F3832-DC82-4DBC-BCB1-74705ECD2578}
		{7E31D9C1-BB7C-406B-9D07-76D2A4CB8B20} = {674F3832-DC82-4DBC-BCB1-74705ECD2578}
		{30D35677-06A6-48F0-98FB-236F08ABD4F9} = {674F3832-DC82-4DBC-BCB1-74705ECD2578}
	EndGlobalSection
EndGlobal
